// !$*UTF8*$!
{
	archiveVersion = 1;
	classes = {
	};
	objectVersion = 77;
	objects = {

/* Begin PBXBuildFile section */
		0E4F2BF52D8F10EE00D6FB51 /* PokeNetworkingCore in Frameworks */ = {isa = PBXBuildFile; productRef = 0E4F2BF42D8F10EE00D6FB51 /* PokeNetworkingCore */; };
		0E4F2C032D8F1F5400D6FB51 /* Localizable.xcstrings in Resources */ = {isa = PBXBuildFile; fileRef = 0E4F2C022D8F1F5400D6FB51 /* Localizable.xcstrings */; };
/* End PBXBuildFile section */

/* Begin PBXContainerItemProxy section */
		0E4F2BBC2D8F095D00D6FB51 /* PBXContainerItemProxy */ = {
			isa = PBXContainerItemProxy;
			containerPortal = 0E4F2BA32D8F095C00D6FB51 /* Project object */;
			proxyType = 1;
			remoteGlobalIDString = 0E4F2BAA2D8F095C00D6FB51;
			remoteInfo = PokeChallenge;
		};
/* End PBXContainerItemProxy section */

/* Begin PBXFileReference section */
		0E4F2BAB2D8F095C00D6FB51 /* PokeChallenge.app */ = {isa = PBXFileReference; explicitFileType = wrapper.application; includeInIndex = 0; path = PokeChallenge.app; sourceTree = BUILT_PRODUCTS_DIR; };
		0E4F2BBB2D8F095D00D6FB51 /* PokeChallengeTests.xctest */ = {isa = PBXFileReference; explicitFileType = wrapper.cfbundle; includeInIndex = 0; path = PokeChallengeTests.xctest; sourceTree = BUILT_PRODUCTS_DIR; };
		0E4F2C022D8F1F5400D6FB51 /* Localizable.xcstrings */ = {isa = PBXFileReference; lastKnownFileType = text.json.xcstrings; path = Localizable.xcstrings; sourceTree = "<group>"; };
/* End PBXFileReference section */

/* Begin PBXFileSystemSynchronizedRootGroup section */
		0E4F2BAD2D8F095C00D6FB51 /* PokeChallenge */ = {
			isa = PBXFileSystemSynchronizedRootGroup;
			path = PokeChallenge;
			sourceTree = "<group>";
		};
		0E4F2BBE2D8F095D00D6FB51 /* PokeChallengeTests */ = {
			isa = PBXFileSystemSynchronizedRootGroup;
			path = PokeChallengeTests;
			sourceTree = "<group>";
		};
/* End PBXFileSystemSynchronizedRootGroup section */

/* Begin PBXFrameworksBuildPhase section */
		0E4F2BA82D8F095C00D6FB51 /* Frameworks */ = {
			isa = PBXFrameworksBuildPhase;
			buildActionMask = 2147483647;
			files = (
				0E4F2BF52D8F10EE00D6FB51 /* PokeNetworkingCore in Frameworks */,
			);
			runOnlyForDeploymentPostprocessing = 0;
		};
		0E4F2BB82D8F095D00D6FB51 /* Frameworks */ = {
			isa = PBXFrameworksBuildPhase;
			buildActionMask = 2147483647;
			files = (
			);
			runOnlyForDeploymentPostprocessing = 0;
		};
/* End PBXFrameworksBuildPhase section */

/* Begin PBXGroup section */
		0E4F2BA22D8F095C00D6FB51 = {
			isa = PBXGroup;
			children = (
				0E4F2C022D8F1F5400D6FB51 /* Localizable.xcstrings */,
				0E4F2BAD2D8F095C00D6FB51 /* PokeChallenge */,
				0E4F2BBE2D8F095D00D6FB51 /* PokeChallengeTests */,
				0E4F2BF32D8F10EE00D6FB51 /* Frameworks */,
				0E4F2BAC2D8F095C00D6FB51 /* Products */,
			);
			sourceTree = "<group>";
		};
		0E4F2BAC2D8F095C00D6FB51 /* Products */ = {
			isa = PBXGroup;
			children = (
				0E4F2BAB2D8F095C00D6FB51 /* PokeChallenge.app */,
				0E4F2BBB2D8F095D00D6FB51 /* PokeChallengeTests.xctest */,
			);
			name = Products;
			sourceTree = "<group>";
		};
		0E4F2BF32D8F10EE00D6FB51 /* Frameworks */ = {
			isa = PBXGroup;
			children = (
			);
			name = Frameworks;
			sourceTree = "<group>";
		};
/* End PBXGroup section */

/* Begin PBXNativeTarget section */
		0E4F2BAA2D8F095C00D6FB51 /* PokeChallenge */ = {
			isa = PBXNativeTarget;
			buildConfigurationList = 0E4F2BCF2D8F095D00D6FB51 /* Build configuration list for PBXNativeTarget "PokeChallenge" */;
			buildPhases = (
				0E4F2BA72D8F095C00D6FB51 /* Sources */,
				0E4F2BA82D8F095C00D6FB51 /* Frameworks */,
				0E4F2BA92D8F095C00D6FB51 /* Resources */,
			);
			buildRules = (
			);
			dependencies = (
			);
			fileSystemSynchronizedGroups = (
				0E4F2BAD2D8F095C00D6FB51 /* PokeChallenge */,
			);
			name = PokeChallenge;
			packageProductDependencies = (
				0E4F2BF42D8F10EE00D6FB51 /* PokeNetworkingCore */,
			);
			productName = PokeChallenge;
			productReference = 0E4F2BAB2D8F095C00D6FB51 /* PokeChallenge.app */;
			productType = "com.apple.product-type.application";
		};
		0E4F2BBA2D8F095D00D6FB51 /* PokeChallengeTests */ = {
			isa = PBXNativeTarget;
			buildConfigurationList = 0E4F2BD22D8F095D00D6FB51 /* Build configuration list for PBXNativeTarget "PokeChallengeTests" */;
			buildPhases = (
				0E4F2BB72D8F095D00D6FB51 /* Sources */,
				0E4F2BB82D8F095D00D6FB51 /* Frameworks */,
				0E4F2BB92D8F095D00D6FB51 /* Resources */,
			);
			buildRules = (
			);
			dependencies = (
				0E4F2BBD2D8F095D00D6FB51 /* PBXTargetDependency */,
			);
			fileSystemSynchronizedGroups = (
				0E4F2BBE2D8F095D00D6FB51 /* PokeChallengeTests */,
			);
			name = PokeChallengeTests;
			packageProductDependencies = (
			);
			productName = PokeChallengeTests;
			productReference = 0E4F2BBB2D8F095D00D6FB51 /* PokeChallengeTests.xctest */;
			productType = "com.apple.product-type.bundle.unit-test";
		};
/* End PBXNativeTarget section */

/* Begin PBXProject section */
		0E4F2BA32D8F095C00D6FB51 /* Project object */ = {
			isa = PBXProject;
			attributes = {
				BuildIndependentTargetsInParallel = 1;
				LastSwiftUpdateCheck = 1620;
				LastUpgradeCheck = 1620;
				TargetAttributes = {
					0E4F2BAA2D8F095C00D6FB51 = {
						CreatedOnToolsVersion = 16.2;
					};
					0E4F2BBA2D8F095D00D6FB51 = {
						CreatedOnToolsVersion = 16.2;
						TestTargetID = 0E4F2BAA2D8F095C00D6FB51;
					};
				};
			};
			buildConfigurationList = 0E4F2BA62D8F095C00D6FB51 /* Build configuration list for PBXProject "PokeChallenge" */;
			developmentRegion = en;
			hasScannedForEncodings = 0;
			knownRegions = (
				en,
				Base,
				"es-419",
			);
			mainGroup = 0E4F2BA22D8F095C00D6FB51;
			minimizedProjectReferenceProxies = 1;
			packageReferences = (
				0E4F2BDC2D8F0CC700D6FB51 /* XCLocalSwiftPackageReference "../PokeNetworkingCore" */,
			);
			preferredProjectObjectVersion = 77;
			productRefGroup = 0E4F2BAC2D8F095C00D6FB51 /* Products */;
			projectDirPath = "";
			projectRoot = "";
			targets = (
				0E4F2BAA2D8F095C00D6FB51 /* PokeChallenge */,
				0E4F2BBA2D8F095D00D6FB51 /* PokeChallengeTests */,
			);
		};
/* End PBXProject section */

/* Begin PBXResourcesBuildPhase section */
		0E4F2BA92D8F095C00D6FB51 /* Resources */ = {
			isa = PBXResourcesBuildPhase;
			buildActionMask = 2147483647;
			files = (
				0E4F2C032D8F1F5400D6FB51 /* Localizable.xcstrings in Resources */,
			);
			runOnlyForDeploymentPostprocessing = 0;
		};
		0E4F2BB92D8F095D00D6FB51 /* Resources */ = {
			isa = PBXResourcesBuildPhase;
			buildActionMask = 2147483647;
			files = (
			);
			runOnlyForDeploymentPostprocessing = 0;
		};
/* End PBXResourcesBuildPhase section */

/* Begin PBXSourcesBuildPhase section */
		0E4F2BA72D8F095C00D6FB51 /* Sources */ = {
			isa = PBXSourcesBuildPhase;
			buildActionMask = 2147483647;
			files = (
			);
			runOnlyForDeploymentPostprocessing = 0;
		};
		0E4F2BB72D8F095D00D6FB51 /* Sources */ = {
			isa = PBXSourcesBuildPhase;
			buildActionMask = 2147483647;
			files = (
			);
			runOnlyForDeploymentPostprocessing = 0;
		};
/* End PBXSourcesBuildPhase section */

/* Begin PBXTargetDependency section */
		0E4F2BBD2D8F095D00D6FB51 /* PBXTargetDependency */ = {
			isa = PBXTargetDependency;
			target = 0E4F2BAA2D8F095C00D6FB51 /* PokeChallenge */;
			targetProxy = 0E4F2BBC2D8F095D00D6FB51 /* PBXContainerItemProxy */;
		};
/* End PBXTargetDependency section */

/* Begin XCBuildConfiguration section */
		0E4F2BCD2D8F095D00D6FB51 /* Debug */ = {
			isa = XCBuildConfiguration;
			buildSettings = {
				ALWAYS_SEARCH_USER_PATHS = NO;
				ASSETCATALOG_COMPILER_GENERATE_SWIFT_ASSET_SYMBOL_EXTENSIONS = YES;
				CLANG_ANALYZER_NONNULL = YES;
				CLANG_ANALYZER_NUMBER_OBJECT_CONVERSION = YES_AGGRESSIVE;
				CLANG_CXX_LANGUAGE_STANDARD = "gnu++20";
				CLANG_ENABLE_MODULES = YES;
				CLANG_ENABLE_OBJC_ARC = YES;
				CLANG_ENABLE_OBJC_WEAK = YES;
				CLANG_WARN_BLOCK_CAPTURE_AUTORELEASING = YES;
				CLANG_WARN_BOOL_CONVERSION = YES;
				CLANG_WARN_COMMA = YES;
				CLANG_WARN_CONSTANT_CONVERSION = YES;
				CLANG_WARN_DEPRECATED_OBJC_IMPLEMENTATIONS = YES;
				CLANG_WARN_DIRECT_OBJC_ISA_USAGE = YES_ERROR;
				CLANG_WARN_DOCUMENTATION_COMMENTS = YES;
				CLANG_WARN_EMPTY_BODY = YES;
				CLANG_WARN_ENUM_CONVERSION = YES;
				CLANG_WARN_INFINITE_RECURSION = YES;
				CLANG_WARN_INT_CONVERSION = YES;
				CLANG_WARN_NON_LITERAL_NULL_CONVERSION = YES;
				CLANG_WARN_OBJC_IMPLICIT_RETAIN_SELF = YES;
				CLANG_WARN_OBJC_LITERAL_CONVERSION = YES;
				CLANG_WARN_OBJC_ROOT_CLASS = YES_ERROR;
				CLANG_WARN_QUOTED_INCLUDE_IN_FRAMEWORK_HEADER = YES;
				CLANG_WARN_RANGE_LOOP_ANALYSIS = YES;
				CLANG_WARN_STRICT_PROTOTYPES = YES;
				CLANG_WARN_SUSPICIOUS_MOVE = YES;
				CLANG_WARN_UNGUARDED_AVAILABILITY = YES_AGGRESSIVE;
				CLANG_WARN_UNREACHABLE_CODE = YES;
				CLANG_WARN__DUPLICATE_METHOD_MATCH = YES;
				COPY_PHASE_STRIP = NO;
				DEBUG_INFORMATION_FORMAT = dwarf;
				ENABLE_STRICT_OBJC_MSGSEND = YES;
				ENABLE_TESTABILITY = YES;
				ENABLE_USER_SCRIPT_SANDBOXING = YES;
				GCC_C_LANGUAGE_STANDARD = gnu17;
				GCC_DYNAMIC_NO_PIC = NO;
				GCC_NO_COMMON_BLOCKS = YES;
				GCC_OPTIMIZATION_LEVEL = 0;
				GCC_PREPROCESSOR_DEFINITIONS = (
					"DEBUG=1",
					"$(inherited)",
				);
				GCC_WARN_64_TO_32_BIT_CONVERSION = YES;
				GCC_WARN_ABOUT_RETURN_TYPE = YES_ERROR;
				GCC_WARN_UNDECLARED_SELECTOR = YES;
				GCC_WARN_UNINITIALIZED_AUTOS = YES_AGGRESSIVE;
				GCC_WARN_UNUSED_FUNCTION = YES;
				GCC_WARN_UNUSED_VARIABLE = YES;
				IPHONEOS_DEPLOYMENT_TARGET = 18.2;
				LOCALIZATION_PREFERS_STRING_CATALOGS = YES;
				MTL_ENABLE_DEBUG_INFO = INCLUDE_SOURCE;
				MTL_FAST_MATH = YES;
				ONLY_ACTIVE_ARCH = YES;
				SDKROOT = iphoneos;
				SWIFT_ACTIVE_COMPILATION_CONDITIONS = "DEBUG $(inherited)";
				SWIFT_EMIT_LOC_STRINGS = YES;
				SWIFT_OPTIMIZATION_LEVEL = "-Onone";
			};
			name = Debug;
		};
		0E4F2BCE2D8F095D00D6FB51 /* Release */ = {
			isa = XCBuildConfiguration;
			buildSettings = {
				ALWAYS_SEARCH_USER_PATHS = NO;
				ASSETCATALOG_COMPILER_GENERATE_SWIFT_ASSET_SYMBOL_EXTENSIONS = YES;
				CLANG_ANALYZER_NONNULL = YES;
				CLANG_ANALYZER_NUMBER_OBJECT_CONVERSION = YES_AGGRESSIVE;
				CLANG_CXX_LANGUAGE_STANDARD = "gnu++20";
				CLANG_ENABLE_MODULES = YES;
				CLANG_ENABLE_OBJC_ARC = YES;
				CLANG_ENABLE_OBJC_WEAK = YES;
				CLANG_WARN_BLOCK_CAPTURE_AUTORELEASING = YES;
				CLANG_WARN_BOOL_CONVERSION = YES;
				CLANG_WARN_COMMA = YES;
				CLANG_WARN_CONSTANT_CONVERSION = YES;
				CLANG_WARN_DEPRECATED_OBJC_IMPLEMENTATIONS = YES;
				CLANG_WARN_DIRECT_OBJC_ISA_USAGE = YES_ERROR;
				CLANG_WARN_DOCUMENTATION_COMMENTS = YES;
				CLANG_WARN_EMPTY_BODY = YES;
				CLANG_WARN_ENUM_CONVERSION = YES;
				CLANG_WARN_INFINITE_RECURSION = YES;
				CLANG_WARN_INT_CONVERSION = YES;
				CLANG_WARN_NON_LITERAL_NULL_CONVERSION = YES;
				CLANG_WARN_OBJC_IMPLICIT_RETAIN_SELF = YES;
				CLANG_WARN_OBJC_LITERAL_CONVERSION = YES;
				CLANG_WARN_OBJC_ROOT_CLASS = YES_ERROR;
				CLANG_WARN_QUOTED_INCLUDE_IN_FRAMEWORK_HEADER = YES;
				CLANG_WARN_RANGE_LOOP_ANALYSIS = YES;
				CLANG_WARN_STRICT_PROTOTYPES = YES;
				CLANG_WARN_SUSPICIOUS_MOVE = YES;
				CLANG_WARN_UNGUARDED_AVAILABILITY = YES_AGGRESSIVE;
				CLANG_WARN_UNREACHABLE_CODE = YES;
				CLANG_WARN__DUPLICATE_METHOD_MATCH = YES;
				COPY_PHASE_STRIP = NO;
				DEBUG_INFORMATION_FORMAT = "dwarf-with-dsym";
				ENABLE_NS_ASSERTIONS = NO;
				ENABLE_STRICT_OBJC_MSGSEND = YES;
				ENABLE_USER_SCRIPT_SANDBOXING = YES;
				GCC_C_LANGUAGE_STANDARD = gnu17;
				GCC_NO_COMMON_BLOCKS = YES;
				GCC_WARN_64_TO_32_BIT_CONVERSION = YES;
				GCC_WARN_ABOUT_RETURN_TYPE = YES_ERROR;
				GCC_WARN_UNDECLARED_SELECTOR = YES;
				GCC_WARN_UNINITIALIZED_AUTOS = YES_AGGRESSIVE;
				GCC_WARN_UNUSED_FUNCTION = YES;
				GCC_WARN_UNUSED_VARIABLE = YES;
				IPHONEOS_DEPLOYMENT_TARGET = 18.2;
				LOCALIZATION_PREFERS_STRING_CATALOGS = YES;
				MTL_ENABLE_DEBUG_INFO = NO;
				MTL_FAST_MATH = YES;
				SDKROOT = iphoneos;
				SWIFT_COMPILATION_MODE = wholemodule;
				SWIFT_EMIT_LOC_STRINGS = YES;
				VALIDATE_PRODUCT = YES;
			};
			name = Release;
		};
		0E4F2BD02D8F095D00D6FB51 /* Debug */ = {
			isa = XCBuildConfiguration;
			buildSettings = {
				ASSETCATALOG_COMPILER_APPICON_NAME = AppIcon;
				ASSETCATALOG_COMPILER_GLOBAL_ACCENT_COLOR_NAME = AccentColor;
				CODE_SIGN_STYLE = Automatic;
				CURRENT_PROJECT_VERSION = 1;
				DEVELOPMENT_ASSET_PATHS = "\"PokeChallenge/Preview Content\"";
				ENABLE_PREVIEWS = YES;
				GENERATE_INFOPLIST_FILE = YES;
				INFOPLIST_KEY_UIApplicationSceneManifest_Generation = YES;
				INFOPLIST_KEY_UIApplicationSupportsIndirectInputEvents = YES;
				INFOPLIST_KEY_UILaunchScreen_Generation = YES;
				INFOPLIST_KEY_UISupportedInterfaceOrientations_iPad = "UIInterfaceOrientationPortrait UIInterfaceOrientationPortraitUpsideDown UIInterfaceOrientationLandscapeLeft UIInterfaceOrientationLandscapeRight";
				INFOPLIST_KEY_UISupportedInterfaceOrientations_iPhone = "UIInterfaceOrientationPortrait UIInterfaceOrientationLandscapeLeft UIInterfaceOrientationLandscapeRight";
				IPHONEOS_DEPLOYMENT_TARGET = 16.6;
				LD_RUNPATH_SEARCH_PATHS = (
					"$(inherited)",
					"@executable_path/Frameworks",
				);
				MARKETING_VERSION = 1.0;
				PRODUCT_BUNDLE_IDENTIFIER = bruno.retos.win.PokeChallenge;
				PRODUCT_NAME = "$(TARGET_NAME)";
				SUPPORTED_PLATFORMS = "iphoneos iphonesimulator";
				SUPPORTS_MACCATALYST = NO;
				SUPPORTS_MAC_DESIGNED_FOR_IPHONE_IPAD = NO;
				SUPPORTS_XR_DESIGNED_FOR_IPHONE_IPAD = NO;
				SWIFT_EMIT_LOC_STRINGS = YES;
				SWIFT_VERSION = 5.0;
				TARGETED_DEVICE_FAMILY = 1;
			};
			name = Debug;
		};
		0E4F2BD12D8F095D00D6FB51 /* Release */ = {
			isa = XCBuildConfiguration;
			buildSettings = {
				ASSETCATALOG_COMPILER_APPICON_NAME = AppIcon;
				ASSETCATALOG_COMPILER_GLOBAL_ACCENT_COLOR_NAME = AccentColor;
				CODE_SIGN_STYLE = Automatic;
				CURRENT_PROJECT_VERSION = 1;
				DEVELOPMENT_ASSET_PATHS = "\"PokeChallenge/Preview Content\"";
				ENABLE_PREVIEWS = YES;
				GENERATE_INFOPLIST_FILE = YES;
				INFOPLIST_KEY_UIApplicationSceneManifest_Generation = YES;
				INFOPLIST_KEY_UIApplicationSupportsIndirectInputEvents = YES;
				INFOPLIST_KEY_UILaunchScreen_Generation = YES;
				INFOPLIST_KEY_UISupportedInterfaceOrientations_iPad = "UIInterfaceOrientationPortrait UIInterfaceOrientationPortraitUpsideDown UIInterfaceOrientationLandscapeLeft UIInterfaceOrientationLandscapeRight";
				INFOPLIST_KEY_UISupportedInterfaceOrientations_iPhone = "UIInterfaceOrientationPortrait UIInterfaceOrientationLandscapeLeft UIInterfaceOrientationLandscapeRight";
				IPHONEOS_DEPLOYMENT_TARGET = 16.6;
				LD_RUNPATH_SEARCH_PATHS = (
					"$(inherited)",
					"@executable_path/Frameworks",
				);
				MARKETING_VERSION = 1.0;
				PRODUCT_BUNDLE_IDENTIFIER = bruno.retos.win.PokeChallenge;
				PRODUCT_NAME = "$(TARGET_NAME)";
				SUPPORTED_PLATFORMS = "iphoneos iphonesimulator";
				SUPPORTS_MACCATALYST = NO;
				SUPPORTS_MAC_DESIGNED_FOR_IPHONE_IPAD = NO;
				SUPPORTS_XR_DESIGNED_FOR_IPHONE_IPAD = NO;
				SWIFT_EMIT_LOC_STRINGS = YES;
				SWIFT_VERSION = 5.0;
				TARGETED_DEVICE_FAMILY = 1;
			};
			name = Release;
		};
		0E4F2BD32D8F095D00D6FB51 /* Debug */ = {
			isa = XCBuildConfiguration;
			buildSettings = {
				BUNDLE_LOADER = "$(TEST_HOST)";
				CODE_SIGN_STYLE = Automatic;
				CURRENT_PROJECT_VERSION = 1;
				GENERATE_INFOPLIST_FILE = YES;
				IPHONEOS_DEPLOYMENT_TARGET = 18.2;
				MARKETING_VERSION = 1.0;
				PRODUCT_BUNDLE_IDENTIFIER = bruno.retos.win.PokeChallengeTests;
				PRODUCT_NAME = "$(TARGET_NAME)";
				SWIFT_EMIT_LOC_STRINGS = NO;
				SWIFT_VERSION = 5.0;
				TARGETED_DEVICE_FAMILY = "1,2";
				TEST_HOST = "$(BUILT_PRODUCTS_DIR)/PokeChallenge.app/$(BUNDLE_EXECUTABLE_FOLDER_PATH)/PokeChallenge";
			};
			name = Debug;
		};
		0E4F2BD42D8F095D00D6FB51 /* Release */ = {
			isa = XCBuildConfiguration;
			buildSettings = {
				BUNDLE_LOADER = "$(TEST_HOST)";
				CODE_SIGN_STYLE = Automatic;
				CURRENT_PROJECT_VERSION = 1;
				GENERATE_INFOPLIST_FILE = YES;
				IPHONEOS_DEPLOYMENT_TARGET = 18.2;
				MARKETING_VERSION = 1.0;
				PRODUCT_BUNDLE_IDENTIFIER = bruno.retos.win.PokeChallengeTests;
				PRODUCT_NAME = "$(TARGET_NAME)";
				SWIFT_EMIT_LOC_STRINGS = NO;
				SWIFT_VERSION = 5.0;
				TARGETED_DEVICE_FAMILY = "1,2";
				TEST_HOST = "$(BUILT_PRODUCTS_DIR)/PokeChallenge.app/$(BUNDLE_EXECUTABLE_FOLDER_PATH)/PokeChallenge";
			};
			name = Release;
		};
/* End XCBuildConfiguration section */

/* Begin XCConfigurationList section */
		0E4F2BA62D8F095C00D6FB51 /* Build configuration list for PBXProject "PokeChallenge" */ = {
			isa = XCConfigurationList;
			buildConfigurations = (
				0E4F2BCD2D8F095D00D6FB51 /* Debug */,
				0E4F2BCE2D8F095D00D6FB51 /* Release */,
			);
			defaultConfigurationIsVisible = 0;
			defaultConfigurationName = Release;
		};
		0E4F2BCF2D8F095D00D6FB51 /* Build configuration list for PBXNativeTarget "PokeChallenge" */ = {
			isa = XCConfigurationList;
			buildConfigurations = (
				0E4F2BD02D8F095D00D6FB51 /* Debug */,
				0E4F2BD12D8F095D00D6FB51 /* Release */,
			);
			defaultConfigurationIsVisible = 0;
			defaultConfigurationName = Release;
		};
		0E4F2BD22D8F095D00D6FB51 /* Build configuration list for PBXNativeTarget "PokeChallengeTests" */ = {
			isa = XCConfigurationList;
			buildConfigurations = (
				0E4F2BD32D8F095D00D6FB51 /* Debug */,
				0E4F2BD42D8F095D00D6FB51 /* Release */,
			);
			defaultConfigurationIsVisible = 0;
			defaultConfigurationName = Release;
		};
/* End XCConfigurationList section */

/* Begin XCLocalSwiftPackageReference section */
		0E4F2BDC2D8F0CC700D6FB51 /* XCLocalSwiftPackageReference "../PokeNetworkingCore" */ = {
			isa = XCLocalSwiftPackageReference;
			relativePath = ../PokeNetworkingCore;
		};
/* End XCLocalSwiftPackageReference section */

/* Begin XCSwiftPackageProductDependency section */
		0E4F2BF42D8F10EE00D6FB51 /* PokeNetworkingCore */ = {
			isa = XCSwiftPackageProductDependency;
			package = 0E4F2BDC2D8F0CC700D6FB51 /* XCLocalSwiftPackageReference "../PokeNetworkingCore" */;
			productName = PokeNetworkingCore;
		};
/* End XCSwiftPackageProductDependency section */
	};
	rootObject = 0E4F2BA32D8F095C00D6FB51 /* Project object */;
}
